
Microsoft Visual Studio Solution File, Format Version 12.00
# Visual Studio Version 17
VisualStudioVersion = 17.1.32421.90
MinimumVisualStudioVersion = 10.0.40219.1
Project("{FAE04EC0-301F-11D3-BF4B-00C04F79EFBC}") = "DecisionRules", "DecisionRules\DecisionRules.csproj", "{40F076FF-5792-498E-BA14-5C0CCB737E4B}"
EndProject
Global
	GlobalSection(SolutionConfigurationPlatforms) = preSolution
		Debug|Any CPU = Debug|Any CPU
		Release|Any CPU = Release|Any CPU
	EndGlobalSection
	GlobalSection(ProjectConfigurationPlatforms) = postSolution
		{40F076FF-5792-498E-BA14-5C0CCB737E4B}.Debug|Any CPU.ActiveCfg = Debug|Any CPU
		{40F076FF-5792-498E-BA14-5C0CCB737E4B}.Debug|Any CPU.Build.0 = Debug|Any CPU
		{40F076FF-5792-498E-BA14-5C0CCB737E4B}.Release|Any CPU.ActiveCfg = Release|Any CPU
		{40F076FF-5792-498E-BA14-5C0CCB737E4B}.Release|Any CPU.Build.0 = Release|Any CPU
	EndGlobalSection
	GlobalSection(SolutionProperties) = preSolution
		HideSolutionNode = FALSE
	EndGlobalSection
	GlobalSection(ExtensibilityGlobals) = postSolution
		SolutionGuid = {CC28AA8E-E89A-41F3-863F-41F1605CFFA0}
	EndGlobalSection
EndGlobal
